<?xml version="1.0" encoding="UTF-8"?>
<CodeBlocks_project_file>
	<FileVersion major="1" minor="6"/>
	<Project>
		<Option title="CrowdSim"/>
		<Option makefile_is_custom="1"/>
		<Option compiler="gcc"/>
		<Option virtualFolders="CMake Files\;"/>
		<Build>
			<Target title="all">
				<Option working_dir="D:/OneDrive/FYP/Intel_CrowdSim_FPGA/CrowdSim"/>
				<Option type="4"/>
				<MakeCommands>
					<Build command="D:/MinGW/bin/mingw32-make.exe -f &quot;D:/OneDrive/FYP/Intel_CrowdSim_FPGA/CrowdSim/Makefile&quot;  VERBOSE=1 all"/>
					<CompileFile command="D:/MinGW/bin/mingw32-make.exe -f &quot;D:/OneDrive/FYP/Intel_CrowdSim_FPGA/CrowdSim/Makefile&quot;  VERBOSE=1 &quot;$file&quot;"/>
					<Clean command="D:/MinGW/bin/mingw32-make.exe -f &quot;D:/OneDrive/FYP/Intel_CrowdSim_FPGA/CrowdSim/Makefile&quot;  VERBOSE=1 clean"/>
					<DistClean command="D:/MinGW/bin/mingw32-make.exe -f &quot;D:/OneDrive/FYP/Intel_CrowdSim_FPGA/CrowdSim/Makefile&quot;  VERBOSE=1 clean"/>
				</MakeCommands>
			</Target>
			<Target title="package_source">
				<Option working_dir="D:/OneDrive/FYP/Intel_CrowdSim_FPGA/CrowdSim"/>
				<Option type="4"/>
				<MakeCommands>
					<Build command="D:/MinGW/bin/mingw32-make.exe -f &quot;D:/OneDrive/FYP/Intel_CrowdSim_FPGA/CrowdSim/Makefile&quot;  VERBOSE=1 package_source"/>
					<CompileFile command="D:/MinGW/bin/mingw32-make.exe -f &quot;D:/OneDrive/FYP/Intel_CrowdSim_FPGA/CrowdSim/Makefile&quot;  VERBOSE=1 &quot;$file&quot;"/>
					<Clean command="D:/MinGW/bin/mingw32-make.exe -f &quot;D:/OneDrive/FYP/Intel_CrowdSim_FPGA/CrowdSim/Makefile&quot;  VERBOSE=1 clean"/>
					<DistClean command="D:/MinGW/bin/mingw32-make.exe -f &quot;D:/OneDrive/FYP/Intel_CrowdSim_FPGA/CrowdSim/Makefile&quot;  VERBOSE=1 clean"/>
				</MakeCommands>
			</Target>
			<Target title="CrowdSim_CL">
				<Option output="D:/OneDrive/FYP/Intel_CrowdSim_FPGA/CrowdSim/CrowdSim_CL.exe" prefix_auto="0" extension_auto="0"/>
				<Option working_dir="D:/OneDrive/FYP/Intel_CrowdSim_FPGA/CrowdSim"/>
				<Option object_output="./"/>
				<Option type="1"/>
				<Option compiler="gcc"/>
				<Compiler>
					<Add directory="D:/Intel/OpenCL SDK/6.3/include"/>
					<Add directory="D:/OneDrive/FYP/Intel_CrowdSim_FPGA/CrowdSim/../common"/>
					<Add directory="D:/OneDrive/FYP/Intel_CrowdSim_FPGA/CrowdSim/RVO2"/>
					<Add directory="D:/OneDrive/FYP/Intel_CrowdSim_FPGA/CrowdSim/src"/>
					<Add directory="d:\mingw\bin\../lib/gcc/mingw32/5.3.0/include"/>
					<Add directory="d:\mingw\bin\../lib/gcc/mingw32/5.3.0/../../../../include"/>
					<Add directory="d:\mingw\bin\../lib/gcc/mingw32/5.3.0/include-fixed"/>
					<Add directory="d:\mingw\bin\../lib/gcc/mingw32/5.3.0/../../../../mingw32/include"/>
					<Add directory="d:\mingw\bin\../lib/gcc/mingw32/5.3.0/include/c++"/>
					<Add directory="d:\mingw\bin\../lib/gcc/mingw32/5.3.0/include/c++/mingw32"/>
					<Add directory="d:\mingw\bin\../lib/gcc/mingw32/5.3.0/include/c++/backward"/>
				</Compiler>
				<MakeCommands>
					<Build command="D:/MinGW/bin/mingw32-make.exe -f &quot;D:/OneDrive/FYP/Intel_CrowdSim_FPGA/CrowdSim/Makefile&quot;  VERBOSE=1 CrowdSim_CL"/>
					<CompileFile command="D:/MinGW/bin/mingw32-make.exe -f &quot;D:/OneDrive/FYP/Intel_CrowdSim_FPGA/CrowdSim/Makefile&quot;  VERBOSE=1 &quot;$file&quot;"/>
					<Clean command="D:/MinGW/bin/mingw32-make.exe -f &quot;D:/OneDrive/FYP/Intel_CrowdSim_FPGA/CrowdSim/Makefile&quot;  VERBOSE=1 clean"/>
					<DistClean command="D:/MinGW/bin/mingw32-make.exe -f &quot;D:/OneDrive/FYP/Intel_CrowdSim_FPGA/CrowdSim/Makefile&quot;  VERBOSE=1 clean"/>
				</MakeCommands>
			</Target>
			<Target title="CrowdSim_CL/fast">
				<Option output="D:/OneDrive/FYP/Intel_CrowdSim_FPGA/CrowdSim/CrowdSim_CL.exe" prefix_auto="0" extension_auto="0"/>
				<Option working_dir="D:/OneDrive/FYP/Intel_CrowdSim_FPGA/CrowdSim"/>
				<Option object_output="./"/>
				<Option type="1"/>
				<Option compiler="gcc"/>
				<Compiler>
					<Add directory="D:/Intel/OpenCL SDK/6.3/include"/>
					<Add directory="D:/OneDrive/FYP/Intel_CrowdSim_FPGA/CrowdSim/../common"/>
					<Add directory="D:/OneDrive/FYP/Intel_CrowdSim_FPGA/CrowdSim/RVO2"/>
					<Add directory="D:/OneDrive/FYP/Intel_CrowdSim_FPGA/CrowdSim/src"/>
					<Add directory="d:\mingw\bin\../lib/gcc/mingw32/5.3.0/include"/>
					<Add directory="d:\mingw\bin\../lib/gcc/mingw32/5.3.0/../../../../include"/>
					<Add directory="d:\mingw\bin\../lib/gcc/mingw32/5.3.0/include-fixed"/>
					<Add directory="d:\mingw\bin\../lib/gcc/mingw32/5.3.0/../../../../mingw32/include"/>
					<Add directory="d:\mingw\bin\../lib/gcc/mingw32/5.3.0/include/c++"/>
					<Add directory="d:\mingw\bin\../lib/gcc/mingw32/5.3.0/include/c++/mingw32"/>
					<Add directory="d:\mingw\bin\../lib/gcc/mingw32/5.3.0/include/c++/backward"/>
				</Compiler>
				<MakeCommands>
					<Build command="D:/MinGW/bin/mingw32-make.exe -f &quot;D:/OneDrive/FYP/Intel_CrowdSim_FPGA/CrowdSim/Makefile&quot;  VERBOSE=1 CrowdSim_CL/fast"/>
					<CompileFile command="D:/MinGW/bin/mingw32-make.exe -f &quot;D:/OneDrive/FYP/Intel_CrowdSim_FPGA/CrowdSim/Makefile&quot;  VERBOSE=1 &quot;$file&quot;"/>
					<Clean command="D:/MinGW/bin/mingw32-make.exe -f &quot;D:/OneDrive/FYP/Intel_CrowdSim_FPGA/CrowdSim/Makefile&quot;  VERBOSE=1 clean"/>
					<DistClean command="D:/MinGW/bin/mingw32-make.exe -f &quot;D:/OneDrive/FYP/Intel_CrowdSim_FPGA/CrowdSim/Makefile&quot;  VERBOSE=1 clean"/>
				</MakeCommands>
			</Target>
			<Target title="package">
				<Option working_dir="D:/OneDrive/FYP/Intel_CrowdSim_FPGA/CrowdSim"/>
				<Option type="4"/>
				<MakeCommands>
					<Build command="D:/MinGW/bin/mingw32-make.exe -f &quot;D:/OneDrive/FYP/Intel_CrowdSim_FPGA/CrowdSim/Makefile&quot;  VERBOSE=1 package"/>
					<CompileFile command="D:/MinGW/bin/mingw32-make.exe -f &quot;D:/OneDrive/FYP/Intel_CrowdSim_FPGA/CrowdSim/Makefile&quot;  VERBOSE=1 &quot;$file&quot;"/>
					<Clean command="D:/MinGW/bin/mingw32-make.exe -f &quot;D:/OneDrive/FYP/Intel_CrowdSim_FPGA/CrowdSim/Makefile&quot;  VERBOSE=1 clean"/>
					<DistClean command="D:/MinGW/bin/mingw32-make.exe -f &quot;D:/OneDrive/FYP/Intel_CrowdSim_FPGA/CrowdSim/Makefile&quot;  VERBOSE=1 clean"/>
				</MakeCommands>
			</Target>
			<Target title="edit_cache">
				<Option working_dir="D:/OneDrive/FYP/Intel_CrowdSim_FPGA/CrowdSim"/>
				<Option type="4"/>
				<MakeCommands>
					<Build command="D:/MinGW/bin/mingw32-make.exe -f &quot;D:/OneDrive/FYP/Intel_CrowdSim_FPGA/CrowdSim/Makefile&quot;  VERBOSE=1 edit_cache"/>
					<CompileFile command="D:/MinGW/bin/mingw32-make.exe -f &quot;D:/OneDrive/FYP/Intel_CrowdSim_FPGA/CrowdSim/Makefile&quot;  VERBOSE=1 &quot;$file&quot;"/>
					<Clean command="D:/MinGW/bin/mingw32-make.exe -f &quot;D:/OneDrive/FYP/Intel_CrowdSim_FPGA/CrowdSim/Makefile&quot;  VERBOSE=1 clean"/>
					<DistClean command="D:/MinGW/bin/mingw32-make.exe -f &quot;D:/OneDrive/FYP/Intel_CrowdSim_FPGA/CrowdSim/Makefile&quot;  VERBOSE=1 clean"/>
				</MakeCommands>
			</Target>
			<Target title="rebuild_cache">
				<Option working_dir="D:/OneDrive/FYP/Intel_CrowdSim_FPGA/CrowdSim"/>
				<Option type="4"/>
				<MakeCommands>
					<Build command="D:/MinGW/bin/mingw32-make.exe -f &quot;D:/OneDrive/FYP/Intel_CrowdSim_FPGA/CrowdSim/Makefile&quot;  VERBOSE=1 rebuild_cache"/>
					<CompileFile command="D:/MinGW/bin/mingw32-make.exe -f &quot;D:/OneDrive/FYP/Intel_CrowdSim_FPGA/CrowdSim/Makefile&quot;  VERBOSE=1 &quot;$file&quot;"/>
					<Clean command="D:/MinGW/bin/mingw32-make.exe -f &quot;D:/OneDrive/FYP/Intel_CrowdSim_FPGA/CrowdSim/Makefile&quot;  VERBOSE=1 clean"/>
					<DistClean command="D:/MinGW/bin/mingw32-make.exe -f &quot;D:/OneDrive/FYP/Intel_CrowdSim_FPGA/CrowdSim/Makefile&quot;  VERBOSE=1 clean"/>
				</MakeCommands>
			</Target>
		</Build>
		<Unit filename="D:/OneDrive/FYP/Intel_CrowdSim_FPGA/CrowdSim/src/RenderGL.cpp">
			<Option target="CrowdSim_CL"/>
		</Unit>
		<Unit filename="D:/OneDrive/FYP/Intel_CrowdSim_FPGA/CrowdSim/src/RenderGL.h">
			<Option target="CrowdSim_CL"/>
		</Unit>
		<Unit filename="D:/OneDrive/FYP/Intel_CrowdSim_FPGA/CrowdSim/src/SimulateCL.cpp">
			<Option target="CrowdSim_CL"/>
		</Unit>
		<Unit filename="D:/OneDrive/FYP/Intel_CrowdSim_FPGA/CrowdSim/src/SimulateCL.h">
			<Option target="CrowdSim_CL"/>
		</Unit>
		<Unit filename="D:/OneDrive/FYP/Intel_CrowdSim_FPGA/CrowdSim/src/cmdoptions.cpp">
			<Option target="CrowdSim_CL"/>
		</Unit>
		<Unit filename="D:/OneDrive/FYP/Intel_CrowdSim_FPGA/CrowdSim/src/cmdoptions.hpp">
			<Option target="CrowdSim_CL"/>
		</Unit>
		<Unit filename="D:/OneDrive/FYP/Intel_CrowdSim_FPGA/CrowdSim/src/main.cpp">
			<Option target="CrowdSim_CL"/>
		</Unit>
		<Unit filename="D:/OneDrive/FYP/Intel_CrowdSim_FPGA/common/basic.cpp">
			<Option target="CrowdSim_CL"/>
		</Unit>
		<Unit filename="D:/OneDrive/FYP/Intel_CrowdSim_FPGA/common/basic.hpp">
			<Option target="CrowdSim_CL"/>
		</Unit>
		<Unit filename="D:/OneDrive/FYP/Intel_CrowdSim_FPGA/common/cmdparser.cpp">
			<Option target="CrowdSim_CL"/>
		</Unit>
		<Unit filename="D:/OneDrive/FYP/Intel_CrowdSim_FPGA/common/cmdparser.hpp">
			<Option target="CrowdSim_CL"/>
		</Unit>
		<Unit filename="D:/OneDrive/FYP/Intel_CrowdSim_FPGA/common/oclobject.cpp">
			<Option target="CrowdSim_CL"/>
		</Unit>
		<Unit filename="D:/OneDrive/FYP/Intel_CrowdSim_FPGA/common/oclobject.hpp">
			<Option target="CrowdSim_CL"/>
		</Unit>
		<Unit filename="D:/OneDrive/FYP/Intel_CrowdSim_FPGA/CrowdSim/CMakeLists.txt">
			<Option virtualFolder="CMake Files\"/>
		</Unit>
	</Project>
</CodeBlocks_project_file>
